// !$*UTF8*$!
{
	archiveVersion = 1;
	classes = {
	};
	objectVersion = 50;
	objects = {

/* Begin PBXBuildFile section */
		F2F57D3A2659D7230072C9AF /* L2_GitHub_learningApp.swift in Sources */ = {isa = PBXBuildFile; fileRef = F2F57D392659D7230072C9AF /* L2_GitHub_learningApp.swift */; };
		F2F57D3C2659D7230072C9AF /* ContentView.swift in Sources */ = {isa = PBXBuildFile; fileRef = F2F57D3B2659D7230072C9AF /* ContentView.swift */; };
		F2F57D3E2659D7270072C9AF /* Assets.xcassets in Resources */ = {isa = PBXBuildFile; fileRef = F2F57D3D2659D7270072C9AF /* Assets.xcassets */; };
		F2F57D412659D7270072C9AF /* Preview Assets.xcassets in Resources */ = {isa = PBXBuildFile; fileRef = F2F57D402659D7270072C9AF /* Preview Assets.xcassets */; };
		F2F57D4A2659DC190072C9AF /* File.swift in Sources */ = {isa = PBXBuildFile; fileRef = F2F57D492659DC190072C9AF /* File.swift */; };
/* End PBXBuildFile section */

/* Begin PBXFileReference section */
		F2F57D362659D7230072C9AF /* L2 GitHub learning.app */ = {isa = PBXFileReference; explicitFileType = wrapper.application; includeInIndex = 0; path = "L2 GitHub learning.app"; sourceTree = BUILT_PRODUCTS_DIR; };
		F2F57D392659D7230072C9AF /* L2_GitHub_learningApp.swift */ = {isa = PBXFileReference; lastKnownFileType = sourcecode.swift; path = L2_GitHub_learningApp.swift; sourceTree = "<group>"; };
		F2F57D3B2659D7230072C9AF /* ContentView.swift */ = {isa = PBXFileReference; lastKnownFileType = sourcecode.swift; path = ContentView.swift; sourceTree = "<group>"; };
		F2F57D3D2659D7270072C9AF /* Assets.xcassets */ = {isa = PBXFileReference; lastKnownFileType = folder.assetcatalog; path = Assets.xcassets; sourceTree = "<group>"; };
		F2F57D402659D7270072C9AF /* Preview Assets.xcassets */ = {isa = PBXFileReference; lastKnownFileType = folder.assetcatalog; path = "Preview Assets.xcassets"; sourceTree = "<group>"; };
		F2F57D422659D7270072C9AF /* Info.plist */ = {isa = PBXFileReference; lastKnownFileType = text.plist.xml; path = Info.plist; sourceTree = "<group>"; };
		F2F57D492659DC190072C9AF /* File.swift */ = {isa = PBXFileReference; lastKnownFileType = sourcecode.swift; path = File.swift; sourceTree = "<group>"; };
/* End PBXFileReference section */

/* Begin PBXFrameworksBuildPhase section */
		F2F57D332659D7230072C9AF /* Frameworks */ = {
			isa = PBXFrameworksBuildPhase;
			buildActionMask = 2147483647;
			files = (
			);
			runOnlyForDeploymentPostprocessing = 0;
		};
/* End PBXFrameworksBuildPhase section */

/* Begin PBXGroup section */
		F2F57D2D2659D7230072C9AF = {
			isa = PBXGroup;
			children = (
				F2F57D382659D7230072C9AF /* L2 GitHub learning */,
				F2F57D372659D7230072C9AF /* Products */,
			);
			sourceTree = "<group>";
		};
		F2F57D372659D7230072C9AF /* Products */ = {
			isa = PBXGroup;
			children = (
				F2F57D362659D7230072C9AF /* L2 GitHub learning.app */,
			);
			name = Products;
			sourceTree = "<group>";
		};
		F2F57D382659D7230072C9AF /* L2 GitHub learning */ = {
			isa = PBXGroup;
			children = (
				F2F57D392659D7230072C9AF /* L2_GitHub_learningApp.swift */,
				F2F57D3B2659D7230072C9AF /* ContentView.swift */,
				F2F57D3D2659D7270072C9AF /* Assets.xcassets */,
				F2F57D422659D7270072C9AF /* Info.plist */,
				F2F57D3F2659D7270072C9AF /* Preview Content */,
				F2F57D492659DC190072C9AF /* File.swift */,
			);
			path = "L2 GitHub learning";
			sourceTree = "<group>";
		};
		F2F57D3F2659D7270072C9AF /* Preview Content */ = {
			isa = PBXGroup;
			children = (
				F2F57D402659D7270072C9AF /* Preview Assets.xcassets */,
			);
			path = "Preview Content";
			sourceTree = "<group>";
		};
/* End PBXGroup section */

/* Begin PBXNativeTarget section */
		F2F57D352659D7230072C9AF /* L2 GitHub learning */ = {
			isa = PBXNativeTarget;
			buildConfigurationList = F2F57D452659D7270072C9AF /* Build configuration list for PBXNativeTarget "L2 GitHub learning" */;
			buildPhases = (
				F2F57D322659D7230072C9AF /* Sources */,
				F2F57D332659D7230072C9AF /* Frameworks */,
				F2F57D342659D7230072C9AF /* Resources */,
			);
			buildRules = (
			);
			dependencies = (
			);
			name = "L2 GitHub learning";
			productName = "L2 GitHub learning";
			productReference = F2F57D362659D7230072C9AF /* L2 GitHub learning.app */;
			productType = "com.apple.product-type.application";
		};
/* End PBXNativeTarget section */

/* Begin PBXProject section */
		F2F57D2E2659D7230072C9AF /* Project object */ = {
			isa = PBXProject;
			attributes = {
				LastSwiftUpdateCheck = 1240;
				LastUpgradeCheck = 1240;
				TargetAttributes = {
					F2F57D352659D7230072C9AF = {
						CreatedOnToolsVersion = 12.4;
					};
				};
			};
			buildConfigurationList = F2F57D312659D7230072C9AF /* Build configuration list for PBXProject "L2 GitHub learning" */;
			compatibilityVersion = "Xcode 9.3";
			developmentRegion = en;
			hasScannedForEncodings = 0;
			knownRegions = (
				en,
				Base,
			);
			mainGroup = F2F57D2D2659D7230072C9AF;
			productRefGroup = F2F57D372659D7230072C9AF /* Products */;
			projectDirPath = "";
			projectRoot = "";
			targets = (
				F2F57D352659D7230072C9AF /* L2 GitHub learning */,
			);
		};
/* End PBXProject section */

/* Begin PBXResourcesBuildPhase section */
		F2F57D342659D7230072C9AF /* Resources */ = {
			isa = PBXResourcesBuildPhase;
			buildActionMask = 2147483647;
			files = (
				F2F57D412659D7270072C9AF /* Preview Assets.xcassets in Resources */,
				F2F57D3E2659D7270072C9AF /* Assets.xcassets in Resources */,
			);
			runOnlyForDeploymentPostprocessing = 0;
		};
/* End PBXResourcesBuildPhase section */

/* Begin PBXSourcesBuildPhase section */
		F2F57D322659D7230072C9AF /* Sources */ = {
			isa = PBXSourcesBuildPhase;
			buildActionMask = 2147483647;
			files = (
				F2F57D3C2659D7230072C9AF /* ContentView.swift in Sources */,
				F2F57D4A2659DC190072C9AF /* File.swift in Sources */,
				F2F57D3A2659D7230072C9AF /* L2_GitHub_learningApp.swift in Sources */,
			);
			runOnlyForDeploymentPostprocessing = 0;
		};
/* End PBXSourcesBuildPhase section */

/* Begin XCBuildConfiguration section */
		F2F57D432659D7270072C9AF /* Debug */ = {
			isa = XCBuildConfiguration;
			buildSettings = {
				ALWAYS_SEARCH_USER_PATHS = NO;
				CLANG_ANALYZER_NONNULL = YES;
				CLANG_ANALYZER_NUMBER_OBJECT_CONVERSION = YES_AGGRESSIVE;
				CLANG_CXX_LANGUAGE_STANDARD = "gnu++14";
				CLANG_CXX_LIBRARY = "libc++";
				CLANG_ENABLE_MODULES = YES;
				CLANG_ENABLE_OBJC_ARC = YES;
				CLANG_ENABLE_OBJC_WEAK = YES;
				CLANG_WARN_BLOCK_CAPTURE_AUTORELEASING = YES;
				CLANG_WARN_BOOL_CONVERSION = YES;
				CLANG_WARN_COMMA = YES;
				CLANG_WARN_CONSTANT_CONVERSION = YES;
				CLANG_WARN_DEPRECATED_OBJC_IMPLEMENTATIONS = YES;
				CLANG_WARN_DIRECT_OBJC_ISA_USAGE = YES_ERROR;
				CLANG_WARN_DOCUMENTATION_COMMENTS = YES;
				CLANG_WARN_EMPTY_BODY = YES;
				CLANG_WARN_ENUM_CONVERSION = YES;
				CLANG_WARN_INFINITE_RECURSION = YES;
				CLANG_WARN_INT_CONVERSION = YES;
				CLANG_WARN_NON_LITERAL_NULL_CONVERSION = YES;
				CLANG_WARN_OBJC_IMPLICIT_RETAIN_SELF = YES;
				CLANG_WARN_OBJC_LITERAL_CONVERSION = YES;
				CLANG_WARN_OBJC_ROOT_CLASS = YES_ERROR;
				CLANG_WARN_QUOTED_INCLUDE_IN_FRAMEWORK_HEADER = YES;
				CLANG_WARN_RANGE_LOOP_ANALYSIS = YES;
				CLANG_WARN_STRICT_PROTOTYPES = YES;
				CLANG_WARN_SUSPICIOUS_MOVE = YES;
				CLANG_WARN_UNGUARDED_AVAILABILITY = YES_AGGRESSIVE;
				CLANG_WARN_UNREACHABLE_CODE = YES;
				CLANG_WARN__DUPLICATE_METHOD_MATCH = YES;
				COPY_PHASE_STRIP = NO;
				DEBUG_INFORMATION_FORMAT = dwarf;
				ENABLE_STRICT_OBJC_MSGSEND = YES;
				ENABLE_TESTABILITY = YES;
				GCC_C_LANGUAGE_STANDARD = gnu11;
				GCC_DYNAMIC_NO_PIC = NO;
				GCC_NO_COMMON_BLOCKS = YES;
				GCC_OPTIMIZATION_LEVEL = 0;
				GCC_PREPROCESSOR_DEFINITIONS = (
					"DEBUG=1",
					"$(inherited)",
				);
				GCC_WARN_64_TO_32_BIT_CONVERSION = YES;
				GCC_WARN_ABOUT_RETURN_TYPE = YES_ERROR;
				GCC_WARN_UNDECLARED_SELECTOR = YES;
				GCC_WARN_UNINITIALIZED_AUTOS = YES_AGGRESSIVE;
				GCC_WARN_UNUSED_FUNCTION = YES;
				GCC_WARN_UNUSED_VARIABLE = YES;
				IPHONEOS_DEPLOYMENT_TARGET = 14.4;
				MTL_ENABLE_DEBUG_INFO = INCLUDE_SOURCE;
				MTL_FAST_MATH = YES;
				ONLY_ACTIVE_ARCH = YES;
				SDKROOT = iphoneos;
				SWIFT_ACTIVE_COMPILATION_CONDITIONS = DEBUG;
				SWIFT_OPTIMIZATION_LEVEL = "-Onone";
			};
			name = Debug;
		};
		F2F57D442659D7270072C9AF /* Release */ = {
			isa = XCBuildConfiguration;
			buildSettings = {
				ALWAYS_SEARCH_USER_PATHS = NO;
				CLANG_ANALYZER_NONNULL = YES;
				CLANG_ANALYZER_NUMBER_OBJECT_CONVERSION = YES_AGGRESSIVE;
				CLANG_CXX_LANGUAGE_STANDARD = "gnu++14";
				CLANG_CXX_LIBRARY = "libc++";
				CLANG_ENABLE_MODULES = YES;
				CLANG_ENABLE_OBJC_ARC = YES;
				CLANG_ENABLE_OBJC_WEAK = YES;
				CLANG_WARN_BLOCK_CAPTURE_AUTORELEASING = YES;
				CLANG_WARN_BOOL_CONVERSION = YES;
				CLANG_WARN_COMMA = YES;
				CLANG_WARN_CONSTANT_CONVERSION = YES;
				CLANG_WARN_DEPRECATED_OBJC_IMPLEMENTATIONS = YES;
				CLANG_WARN_DIRECT_OBJC_ISA_USAGE = YES_ERROR;
				CLANG_WARN_DOCUMENTATION_COMMENTS = YES;
				CLANG_WARN_EMPTY_BODY = YES;
				CLANG_WARN_ENUM_CONVERSION = YES;
				CLANG_WARN_INFINITE_RECURSION = YES;
				CLANG_WARN_INT_CONVERSION = YES;
				CLANG_WARN_NON_LITERAL_NULL_CONVERSION = YES;
				CLANG_WARN_OBJC_IMPLICIT_RETAIN_SELF = YES;
				CLANG_WARN_OBJC_LITERAL_CONVERSION = YES;
				CLANG_WARN_OBJC_ROOT_CLASS = YES_ERROR;
				CLANG_WARN_QUOTED_INCLUDE_IN_FRAMEWORK_HEADER = YES;
				CLANG_WARN_RANGE_LOOP_ANALYSIS = YES;
				CLANG_WARN_STRICT_PROTOTYPES = YES;
				CLANG_WARN_SUSPICIOUS_MOVE = YES;
				CLANG_WARN_UNGUARDED_AVAILABILITY = YES_AGGRESSIVE;
				CLANG_WARN_UNREACHABLE_CODE = YES;
				CLANG_WARN__DUPLICATE_METHOD_MATCH = YES;
				COPY_PHASE_STRIP = NO;
				DEBUG_INFORMATION_FORMAT = "dwarf-with-dsym";
				ENABLE_NS_ASSERTIONS = NO;
				ENABLE_STRICT_OBJC_MSGSEND = YES;
				GCC_C_LANGUAGE_STANDARD = gnu11;
				GCC_NO_COMMON_BLOCKS = YES;
				GCC_WARN_64_TO_32_BIT_CONVERSION = YES;
				GCC_WARN_ABOUT_RETURN_TYPE = YES_ERROR;
				GCC_WARN_UNDECLARED_SELECTOR = YES;
				GCC_WARN_UNINITIALIZED_AUTOS = YES_AGGRESSIVE;
				GCC_WARN_UNUSED_FUNCTION = YES;
				GCC_WARN_UNUSED_VARIABLE = YES;
				IPHONEOS_DEPLOYMENT_TARGET = 14.4;
				MTL_ENABLE_DEBUG_INFO = NO;
				MTL_FAST_MATH = YES;
				SDKROOT = iphoneos;
				SWIFT_COMPILATION_MODE = wholemodule;
				SWIFT_OPTIMIZATION_LEVEL = "-O";
				VALIDATE_PRODUCT = YES;
			};
			name = Release;
		};
		F2F57D462659D7270072C9AF /* Debug */ = {
			isa = XCBuildConfiguration;
			buildSettings = {
				ASSETCATALOG_COMPILER_APPICON_NAME = AppIcon;
				ASSETCATALOG_COMPILER_GLOBAL_ACCENT_COLOR_NAME = AccentColor;
				CODE_SIGN_STYLE = Automatic;
				DEVELOPMENT_ASSET_PATHS = "\"L2 GitHub learning/Preview Content\"";
				DEVELOPMENT_TEAM = T6283VNWST;
				ENABLE_PREVIEWS = YES;
				INFOPLIST_FILE = "L2 GitHub learning/Info.plist";
				IPHONEOS_DEPLOYMENT_TARGET = 14.0;
				LD_RUNPATH_SEARCH_PATHS = (
					"$(inherited)",
					"@executable_path/Frameworks",
				);
				PRODUCT_BUNDLE_IDENTIFIER = "com.farmercal.L2-GitHub-learning";
				PRODUCT_NAME = "$(TARGET_NAME)";
				SWIFT_VERSION = 5.0;
				TARGETED_DEVICE_FAMILY = "1,2";
			};
			name = Debug;
		};
		F2F57D472659D7270072C9AF /* Release */ = {
			isa = XCBuildConfiguration;
			buildSettings = {
				ASSETCATALOG_COMPILER_APPICON_NAME = AppIcon;
				ASSETCATALOG_COMPILER_GLOBAL_ACCENT_COLOR_NAME = AccentColor;
				CODE_SIGN_STYLE = Automatic;
				DEVELOPMENT_ASSET_PATHS = "\"L2 GitHub learning/Preview Content\"";
				DEVELOPMENT_TEAM = T6283VNWST;
				ENABLE_PREVIEWS = YES;
				INFOPLIST_FILE = "L2 GitHub learning/Info.plist";
				IPHONEOS_DEPLOYMENT_TARGET = 14.0;
				LD_RUNPATH_SEARCH_PATHS = (
					"$(inherited)",
					"@executable_path/Frameworks",
				);
				PRODUCT_BUNDLE_IDENTIFIER = "com.farmercal.L2-GitHub-learning";
				PRODUCT_NAME = "$(TARGET_NAME)";
				SWIFT_VERSION = 5.0;
				TARGETED_DEVICE_FAMILY = "1,2";
			};
			name = Release;
		};
/* End XCBuildConfiguration section */

/* Begin XCConfigurationList section */
		F2F57D312659D7230072C9AF /* Build configuration list for PBXProject "L2 GitHub learning" */ = {
			isa = XCConfigurationList;
			buildConfigurations = (
				F2F57D432659D7270072C9AF /* Debug */,
				F2F57D442659D7270072C9AF /* Release */,
			);
			defaultConfigurationIsVisible = 0;
			defaultConfigurationName = Release;
		};
		F2F57D452659D7270072C9AF /* Build configuration list for PBXNativeTarget "L2 GitHub learning" */ = {
			isa = XCConfigurationList;
			buildConfigurations = (
				F2F57D462659D7270072C9AF /* Debug */,
				F2F57D472659D7270072C9AF /* Release */,
			);
			defaultConfigurationIsVisible = 0;
			defaultConfigurationName = Release;
		};
/* End XCConfigurationList section */
	};
	rootObject = F2F57D2E2659D7230072C9AF /* Project object */;
}
